PODS:
  - Alamofire (5.7.1)
  - IQKeyboardManager (6.5.12)
  - lottie-ios (4.2.0)
  - SCPageControl (0.4.0)
  - SDWebImage (5.17.0):
    - SDWebImage/Core (= 5.17.0)
  - SDWebImage/Core (5.17.0)
  - SwiftyJSON (5.0.1)

DEPENDENCIES:
  - Alamofire
  - IQKeyboardManager
  - lottie-ios
  - SCPageControl
  - SDWebImage (~> 5.0)
  - SwiftyJSON

SPEC REPOS:
  trunk:
    - Alamofire
    - IQKeyboardManager
    - lottie-ios
    - SCPageControl
    - SDWebImage
    - SwiftyJSON

SPEC CHECKSUMS:
  Alamofire: 0123a34370cb170936ae79a8df46cc62b2edeb88
  IQKeyboardManager: b1fd66ccf7a79095bdcc4a2735231586f744216e
  lottie-ios: 809ecf2d460ed650a6aed7aa88b2ec45fab4779c
  SCPageControl: 8a8dfbba7d7d8c66487a317cb4c4578a7e4af27a
  SDWebImage: 750adf017a315a280c60fde706ab1e552a3ae4e9
  SwiftyJSON: 2f33a42c6fbc52764d96f13368585094bfd8aa5e

PODFILE CHECKSUM: 37e611c1689c6820195af4071bc96ea9c05af781

COCOAPODS: 1.11.3
