// !$*UTF8*$!
{
	archiveVersion = 1;
	classes = {
	};
	objectVersion = 56;
	objects = {

/* Begin PBXBuildFile section */
		3D0D055B2A8A068600BDAFF3 /* RegisterChildVC.swift in Sources */ = {isa = PBXBuildFile; fileRef = 3D0D05592A8A068600BDAFF3 /* RegisterChildVC.swift */; };
		3D0D055C2A8A068600BDAFF3 /* RegisterChildVC.xib in Resources */ = {isa = PBXBuildFile; fileRef = 3D0D055A2A8A068600BDAFF3 /* RegisterChildVC.xib */; };
		3D0D055E2A8A094800BDAFF3 /* Ex+UIVC.swift in Sources */ = {isa = PBXBuildFile; fileRef = 3D0D055D2A8A094800BDAFF3 /* Ex+UIVC.swift */; };
		3D0D05602A8A0A4800BDAFF3 /* Alert.swift in Sources */ = {isa = PBXBuildFile; fileRef = 3D0D055F2A8A0A4800BDAFF3 /* Alert.swift */; };
		3D0D05622A8A116800BDAFF3 /* Ex+UIView.swift in Sources */ = {isa = PBXBuildFile; fileRef = 3D0D05612A8A116800BDAFF3 /* Ex+UIView.swift */; };
		3D0D05642A8A118D00BDAFF3 /* AppColors.swift in Sources */ = {isa = PBXBuildFile; fileRef = 3D0D05632A8A118D00BDAFF3 /* AppColors.swift */; };
		3D0D05672A8A162B00BDAFF3 /* SingInLangVC.xib in Resources */ = {isa = PBXBuildFile; fileRef = 3D0D05652A8A162B00BDAFF3 /* SingInLangVC.xib */; };
		3D0D05682A8A162B00BDAFF3 /* SingInLangVC.swift in Sources */ = {isa = PBXBuildFile; fileRef = 3D0D05662A8A162B00BDAFF3 /* SingInLangVC.swift */; };
		3D0D056A2A8A172C00BDAFF3 /* Keys.swift in Sources */ = {isa = PBXBuildFile; fileRef = 3D0D05692A8A172C00BDAFF3 /* Keys.swift */; };
		3D0D056C2A8A1B4500BDAFF3 /* SetLanguage.swift in Sources */ = {isa = PBXBuildFile; fileRef = 3D0D056B2A8A1B4500BDAFF3 /* SetLanguage.swift */; };
		3D0D056E2A8B752700BDAFF3 /* Extentions.swift in Sources */ = {isa = PBXBuildFile; fileRef = 3D0D056D2A8B752700BDAFF3 /* Extentions.swift */; };
		3D0D05712A8B7A1B00BDAFF3 /* VerificationChildVC.swift in Sources */ = {isa = PBXBuildFile; fileRef = 3D0D056F2A8B7A1B00BDAFF3 /* VerificationChildVC.swift */; };
		3D0D05722A8B7A1B00BDAFF3 /* VerificationChildVC.xib in Resources */ = {isa = PBXBuildFile; fileRef = 3D0D05702A8B7A1B00BDAFF3 /* VerificationChildVC.xib */; };
		3D0D05742A8BA85900BDAFF3 /* OTPFieldView.swift in Sources */ = {isa = PBXBuildFile; fileRef = 3D0D05732A8BA85900BDAFF3 /* OTPFieldView.swift */; };
		3D0D05762A8BA92F00BDAFF3 /* OTPTextField.swift in Sources */ = {isa = PBXBuildFile; fileRef = 3D0D05752A8BA92F00BDAFF3 /* OTPTextField.swift */; };
		3D0D05782A8DA1E900BDAFF3 /* GoogleService-Info.plist in Resources */ = {isa = PBXBuildFile; fileRef = 3D0D05772A8DA1E900BDAFF3 /* GoogleService-Info.plist */; };
		3D0D057A2A8DC7A500BDAFF3 /* AuthManager.swift in Sources */ = {isa = PBXBuildFile; fileRef = 3D0D05792A8DC7A500BDAFF3 /* AuthManager.swift */; };
		3D0D057C2A8F338D00BDAFF3 /* Loader.swift in Sources */ = {isa = PBXBuildFile; fileRef = 3D0D057B2A8F338D00BDAFF3 /* Loader.swift */; };
		3D0D057E2A8F357F00BDAFF3 /* KKfo9cQRyU.json in Resources */ = {isa = PBXBuildFile; fileRef = 3D0D057D2A8F357F00BDAFF3 /* KKfo9cQRyU.json */; };
		3D0D05802A8F35E000BDAFF3 /* Reachability.swift in Sources */ = {isa = PBXBuildFile; fileRef = 3D0D057F2A8F35E000BDAFF3 /* Reachability.swift */; };
		3D0D05822A92947C00BDAFF3 /* Net.swift in Sources */ = {isa = PBXBuildFile; fileRef = 3D0D05812A92947C00BDAFF3 /* Net.swift */; };
		3D0D05842A92975900BDAFF3 /* EndPoints.swift in Sources */ = {isa = PBXBuildFile; fileRef = 3D0D05832A92975900BDAFF3 /* EndPoints.swift */; };
		3D0D05862A929DC200BDAFF3 /* HouseDM.swift in Sources */ = {isa = PBXBuildFile; fileRef = 3D0D05852A929DC200BDAFF3 /* HouseDM.swift */; };
		3D0D05882A961B4300BDAFF3 /* API.swift in Sources */ = {isa = PBXBuildFile; fileRef = 3D0D05872A961B4300BDAFF3 /* API.swift */; };
		3D70CB482AB5FF050016C0B4 /* HomeDetailVC.swift in Sources */ = {isa = PBXBuildFile; fileRef = 3D70CB462AB5FF050016C0B4 /* HomeDetailVC.swift */; };
		3D70CB492AB5FF050016C0B4 /* HomeDetailVC.xib in Resources */ = {isa = PBXBuildFile; fileRef = 3D70CB472AB5FF050016C0B4 /* HomeDetailVC.xib */; };
		3D70CB4D2AB7A49A0016C0B4 /* PhotoTVC.swift in Sources */ = {isa = PBXBuildFile; fileRef = 3D70CB4B2AB7A49A0016C0B4 /* PhotoTVC.swift */; };
		3D70CB4E2AB7A49A0016C0B4 /* PhotoTVC.xib in Resources */ = {isa = PBXBuildFile; fileRef = 3D70CB4C2AB7A49A0016C0B4 /* PhotoTVC.xib */; };
		3D70CB512AB898C80016C0B4 /* NameTVC.swift in Sources */ = {isa = PBXBuildFile; fileRef = 3D70CB4F2AB898C80016C0B4 /* NameTVC.swift */; };
		3D70CB522AB898C80016C0B4 /* NameTVC.xib in Resources */ = {isa = PBXBuildFile; fileRef = 3D70CB502AB898C80016C0B4 /* NameTVC.xib */; };
		3D70CB552AB8A1510016C0B4 /* RulesTVC.swift in Sources */ = {isa = PBXBuildFile; fileRef = 3D70CB532AB8A1510016C0B4 /* RulesTVC.swift */; };
		3D70CB562AB8A1510016C0B4 /* RulesTVC.xib in Resources */ = {isa = PBXBuildFile; fileRef = 3D70CB542AB8A1510016C0B4 /* RulesTVC.xib */; };
		3D70CB5A2AB8A6AC0016C0B4 /* RulesCVC.swift in Sources */ = {isa = PBXBuildFile; fileRef = 3D70CB582AB8A6AC0016C0B4 /* RulesCVC.swift */; };
		3D70CB5B2AB8A6AC0016C0B4 /* RulesCVC.xib in Resources */ = {isa = PBXBuildFile; fileRef = 3D70CB592AB8A6AC0016C0B4 /* RulesCVC.xib */; };
		3D73595B2A6DE0C200BA329F /* AppDelegate.swift in Sources */ = {isa = PBXBuildFile; fileRef = 3D73595A2A6DE0C200BA329F /* AppDelegate.swift */; };
		3D7359642A6DE0C500BA329F /* Assets.xcassets in Resources */ = {isa = PBXBuildFile; fileRef = 3D7359632A6DE0C500BA329F /* Assets.xcassets */; };
		3D7359672A6DE0C500BA329F /* LaunchScreen.storyboard in Resources */ = {isa = PBXBuildFile; fileRef = 3D7359652A6DE0C500BA329F /* LaunchScreen.storyboard */; };
		3D7359702A6DE14400BA329F /* WelcomePageVC.swift in Sources */ = {isa = PBXBuildFile; fileRef = 3D73596E2A6DE14400BA329F /* WelcomePageVC.swift */; };
		3D7359712A6DE14400BA329F /* WelcomePageVC.xib in Resources */ = {isa = PBXBuildFile; fileRef = 3D73596F2A6DE14400BA329F /* WelcomePageVC.xib */; };
		3D8A72882AB8CDD90051DE9D /* AdditionalTVC.swift in Sources */ = {isa = PBXBuildFile; fileRef = 3D8A72862AB8CDD90051DE9D /* AdditionalTVC.swift */; };
		3D8A72892AB8CDD90051DE9D /* AdditionalTVC.xib in Resources */ = {isa = PBXBuildFile; fileRef = 3D8A72872AB8CDD90051DE9D /* AdditionalTVC.xib */; };
		3D8A728D2AB8E8C50051DE9D /* AditionalChildTVC.swift in Sources */ = {isa = PBXBuildFile; fileRef = 3D8A728B2AB8E8C50051DE9D /* AditionalChildTVC.swift */; };
		3D8A728E2AB8E8C50051DE9D /* AditionalChildTVC.xib in Resources */ = {isa = PBXBuildFile; fileRef = 3D8A728C2AB8E8C50051DE9D /* AditionalChildTVC.xib */; };
		3D8A72922AB8F7E60051DE9D /* InfoTVC.swift in Sources */ = {isa = PBXBuildFile; fileRef = 3D8A72902AB8F7E60051DE9D /* InfoTVC.swift */; };
		3D8A72932AB8F7E60051DE9D /* InfoTVC.xib in Resources */ = {isa = PBXBuildFile; fileRef = 3D8A72912AB8F7E60051DE9D /* InfoTVC.xib */; };
		3D8A72962AB902610051DE9D /* CommentTVC.swift in Sources */ = {isa = PBXBuildFile; fileRef = 3D8A72942AB902610051DE9D /* CommentTVC.swift */; };
		3D8A72972AB902610051DE9D /* CommentTVC.xib in Resources */ = {isa = PBXBuildFile; fileRef = 3D8A72952AB902610051DE9D /* CommentTVC.xib */; };
		3D9502EE2AB4561C00F0D3A8 /* ProfileVC.swift in Sources */ = {isa = PBXBuildFile; fileRef = 3D9502EC2AB4561C00F0D3A8 /* ProfileVC.swift */; };
		3D9502EF2AB4561C00F0D3A8 /* ProfileVC.xib in Resources */ = {isa = PBXBuildFile; fileRef = 3D9502ED2AB4561C00F0D3A8 /* ProfileVC.xib */; };
		3DBDDB0E2AA5E7800068E065 /* PhotoCVC.swift in Sources */ = {isa = PBXBuildFile; fileRef = 3DBDDB0C2AA5E7800068E065 /* PhotoCVC.swift */; };
		3DBDDB0F2AA5E7800068E065 /* PhotoCVC.xib in Resources */ = {isa = PBXBuildFile; fileRef = 3DBDDB0D2AA5E7800068E065 /* PhotoCVC.xib */; };
		3DBDDB132AAA2D6A0068E065 /* MapVC.swift in Sources */ = {isa = PBXBuildFile; fileRef = 3DBDDB112AAA2D6A0068E065 /* MapVC.swift */; };
		3DBDDB142AAA2D6A0068E065 /* MapVC.xib in Resources */ = {isa = PBXBuildFile; fileRef = 3DBDDB122AAA2D6A0068E065 /* MapVC.xib */; };
		3DBDDB1A2AAB689A0068E065 /* MapChildVC.swift in Sources */ = {isa = PBXBuildFile; fileRef = 3DBDDB182AAB689A0068E065 /* MapChildVC.swift */; };
		3DBDDB1B2AAB689A0068E065 /* MapChildVC.xib in Resources */ = {isa = PBXBuildFile; fileRef = 3DBDDB192AAB689A0068E065 /* MapChildVC.xib */; };
		3DBDDB1D2AAB97A90068E065 /* HouseByIdDM.swift in Sources */ = {isa = PBXBuildFile; fileRef = 3DBDDB1C2AAB97A90068E065 /* HouseByIdDM.swift */; };
		3DBDDB222AAEDB600068E065 /* OpenMapDirections.swift in Sources */ = {isa = PBXBuildFile; fileRef = 3DBDDB212AAEDB600068E065 /* OpenMapDirections.swift */; };
		3DBDDB272AB0B8490068E065 /* LikedHousesVC.swift in Sources */ = {isa = PBXBuildFile; fileRef = 3DBDDB252AB0B8490068E065 /* LikedHousesVC.swift */; };
		3DBDDB282AB0B8490068E065 /* LikedHousesVC.xib in Resources */ = {isa = PBXBuildFile; fileRef = 3DBDDB262AB0B8490068E065 /* LikedHousesVC.xib */; };
		3DBDDB2C2AB20CED0068E065 /* LikedCell.swift in Sources */ = {isa = PBXBuildFile; fileRef = 3DBDDB2A2AB20CED0068E065 /* LikedCell.swift */; };
		3DBDDB2D2AB20CED0068E065 /* LikedCell.xib in Resources */ = {isa = PBXBuildFile; fileRef = 3DBDDB2B2AB20CED0068E065 /* LikedCell.xib */; };
		3DBDDB2F2AB220540068E065 /* animation_lmhzc44c.json in Resources */ = {isa = PBXBuildFile; fileRef = 3DBDDB2E2AB220530068E065 /* animation_lmhzc44c.json */; };
		3DBDDB312AB30D5E0068E065 /* SFSymbols.swift in Sources */ = {isa = PBXBuildFile; fileRef = 3DBDDB302AB30D5D0068E065 /* SFSymbols.swift */; };
		3DBDDB382AB386AD0068E065 /* like.json in Resources */ = {isa = PBXBuildFile; fileRef = 3DBDDB372AB386AD0068E065 /* like.json */; };
		3DC9283E2AB46B9D00A56389 /* EditProfileVC.swift in Sources */ = {isa = PBXBuildFile; fileRef = 3DC9283C2AB46B9D00A56389 /* EditProfileVC.swift */; };
		3DC9283F2AB46B9D00A56389 /* EditProfileVC.xib in Resources */ = {isa = PBXBuildFile; fileRef = 3DC9283D2AB46B9D00A56389 /* EditProfileVC.xib */; };
		3DC9285A2AB4BA9700A56389 /* Ex+UINavigationController.swift in Sources */ = {isa = PBXBuildFile; fileRef = 3DC928592AB4BA9700A56389 /* Ex+UINavigationController.swift */; };
		5350408D2014B7A85C9E7099 /* Pods_ijara.framework in Frameworks */ = {isa = PBXBuildFile; fileRef = 3F46D81B2304154349E0BAFA /* Pods_ijara.framework */; };
		DBD74E232AA26B1C003096BB /* CustomTabBar.swift in Sources */ = {isa = PBXBuildFile; fileRef = DBD74E222AA26B1C003096BB /* CustomTabBar.swift */; };
		DBD74E262AA26B8D003096BB /* Ex + UIImage.swift in Sources */ = {isa = PBXBuildFile; fileRef = DBD74E252AA26B8D003096BB /* Ex + UIImage.swift */; };
		DBD74E2C2AA26C70003096BB /* HomeVC.swift in Sources */ = {isa = PBXBuildFile; fileRef = DBD74E2A2AA26C70003096BB /* HomeVC.swift */; };
		DBD74E2D2AA26C70003096BB /* HomeVC.xib in Resources */ = {isa = PBXBuildFile; fileRef = DBD74E2B2AA26C70003096BB /* HomeVC.xib */; };
		DBD74E352AA26C81003096BB /* TopItemCVC.swift in Sources */ = {isa = PBXBuildFile; fileRef = DBD74E2F2AA26C81003096BB /* TopItemCVC.swift */; };
		DBD74E362AA26C81003096BB /* CategoryCVC.xib in Resources */ = {isa = PBXBuildFile; fileRef = DBD74E302AA26C81003096BB /* CategoryCVC.xib */; };
		DBD74E372AA26C81003096BB /* HomeCVC.xib in Resources */ = {isa = PBXBuildFile; fileRef = DBD74E312AA26C81003096BB /* HomeCVC.xib */; };
		DBD74E382AA26C81003096BB /* TopItemCVC.xib in Resources */ = {isa = PBXBuildFile; fileRef = DBD74E322AA26C81003096BB /* TopItemCVC.xib */; };
		DBD74E392AA26C81003096BB /* CategoryCVC.swift in Sources */ = {isa = PBXBuildFile; fileRef = DBD74E332AA26C81003096BB /* CategoryCVC.swift */; };
		DBD74E3A2AA26C81003096BB /* HomeCVC.swift in Sources */ = {isa = PBXBuildFile; fileRef = DBD74E342AA26C81003096BB /* HomeCVC.swift */; };
		DBD74E3E2AA26C8F003096BB /* Header.swift in Sources */ = {isa = PBXBuildFile; fileRef = DBD74E3C2AA26C8F003096BB /* Header.swift */; };
		DBD74E3F2AA26C8F003096BB /* Header.xib in Resources */ = {isa = PBXBuildFile; fileRef = DBD74E3D2AA26C8F003096BB /* Header.xib */; };
/* End PBXBuildFile section */

/* Begin PBXFileReference section */
		3D0D05592A8A068600BDAFF3 /* RegisterChildVC.swift */ = {isa = PBXFileReference; lastKnownFileType = sourcecode.swift; path = RegisterChildVC.swift; sourceTree = "<group>"; };
		3D0D055A2A8A068600BDAFF3 /* RegisterChildVC.xib */ = {isa = PBXFileReference; lastKnownFileType = file.xib; path = RegisterChildVC.xib; sourceTree = "<group>"; };
		3D0D055D2A8A094800BDAFF3 /* Ex+UIVC.swift */ = {isa = PBXFileReference; lastKnownFileType = sourcecode.swift; path = "Ex+UIVC.swift"; sourceTree = "<group>"; };
		3D0D055F2A8A0A4800BDAFF3 /* Alert.swift */ = {isa = PBXFileReference; lastKnownFileType = sourcecode.swift; path = Alert.swift; sourceTree = "<group>"; };
		3D0D05612A8A116800BDAFF3 /* Ex+UIView.swift */ = {isa = PBXFileReference; lastKnownFileType = sourcecode.swift; path = "Ex+UIView.swift"; sourceTree = "<group>"; };
		3D0D05632A8A118D00BDAFF3 /* AppColors.swift */ = {isa = PBXFileReference; lastKnownFileType = sourcecode.swift; path = AppColors.swift; sourceTree = "<group>"; };
		3D0D05652A8A162B00BDAFF3 /* SingInLangVC.xib */ = {isa = PBXFileReference; fileEncoding = 4; lastKnownFileType = file.xib; path = SingInLangVC.xib; sourceTree = "<group>"; };
		3D0D05662A8A162B00BDAFF3 /* SingInLangVC.swift */ = {isa = PBXFileReference; fileEncoding = 4; lastKnownFileType = sourcecode.swift; path = SingInLangVC.swift; sourceTree = "<group>"; };
		3D0D05692A8A172C00BDAFF3 /* Keys.swift */ = {isa = PBXFileReference; lastKnownFileType = sourcecode.swift; path = Keys.swift; sourceTree = "<group>"; };
		3D0D056B2A8A1B4500BDAFF3 /* SetLanguage.swift */ = {isa = PBXFileReference; lastKnownFileType = sourcecode.swift; path = SetLanguage.swift; sourceTree = "<group>"; };
		3D0D056D2A8B752700BDAFF3 /* Extentions.swift */ = {isa = PBXFileReference; lastKnownFileType = sourcecode.swift; path = Extentions.swift; sourceTree = "<group>"; };
		3D0D056F2A8B7A1B00BDAFF3 /* VerificationChildVC.swift */ = {isa = PBXFileReference; lastKnownFileType = sourcecode.swift; path = VerificationChildVC.swift; sourceTree = "<group>"; };
		3D0D05702A8B7A1B00BDAFF3 /* VerificationChildVC.xib */ = {isa = PBXFileReference; lastKnownFileType = file.xib; path = VerificationChildVC.xib; sourceTree = "<group>"; };
		3D0D05732A8BA85900BDAFF3 /* OTPFieldView.swift */ = {isa = PBXFileReference; lastKnownFileType = sourcecode.swift; path = OTPFieldView.swift; sourceTree = "<group>"; };
		3D0D05752A8BA92F00BDAFF3 /* OTPTextField.swift */ = {isa = PBXFileReference; lastKnownFileType = sourcecode.swift; path = OTPTextField.swift; sourceTree = "<group>"; };
		3D0D05772A8DA1E900BDAFF3 /* GoogleService-Info.plist */ = {isa = PBXFileReference; fileEncoding = 4; lastKnownFileType = text.plist.xml; path = "GoogleService-Info.plist"; sourceTree = "<group>"; };
		3D0D05792A8DC7A500BDAFF3 /* AuthManager.swift */ = {isa = PBXFileReference; lastKnownFileType = sourcecode.swift; path = AuthManager.swift; sourceTree = "<group>"; };
		3D0D057B2A8F338D00BDAFF3 /* Loader.swift */ = {isa = PBXFileReference; lastKnownFileType = sourcecode.swift; path = Loader.swift; sourceTree = "<group>"; };
		3D0D057D2A8F357F00BDAFF3 /* KKfo9cQRyU.json */ = {isa = PBXFileReference; fileEncoding = 4; lastKnownFileType = text.json; path = KKfo9cQRyU.json; sourceTree = "<group>"; };
		3D0D057F2A8F35E000BDAFF3 /* Reachability.swift */ = {isa = PBXFileReference; lastKnownFileType = sourcecode.swift; path = Reachability.swift; sourceTree = "<group>"; };
		3D0D05812A92947C00BDAFF3 /* Net.swift */ = {isa = PBXFileReference; lastKnownFileType = sourcecode.swift; path = Net.swift; sourceTree = "<group>"; };
		3D0D05832A92975900BDAFF3 /* EndPoints.swift */ = {isa = PBXFileReference; lastKnownFileType = sourcecode.swift; path = EndPoints.swift; sourceTree = "<group>"; };
		3D0D05852A929DC200BDAFF3 /* HouseDM.swift */ = {isa = PBXFileReference; lastKnownFileType = sourcecode.swift; path = HouseDM.swift; sourceTree = "<group>"; };
		3D0D05872A961B4300BDAFF3 /* API.swift */ = {isa = PBXFileReference; lastKnownFileType = sourcecode.swift; path = API.swift; sourceTree = "<group>"; };
		3D70CB462AB5FF050016C0B4 /* HomeDetailVC.swift */ = {isa = PBXFileReference; lastKnownFileType = sourcecode.swift; path = HomeDetailVC.swift; sourceTree = "<group>"; };
		3D70CB472AB5FF050016C0B4 /* HomeDetailVC.xib */ = {isa = PBXFileReference; lastKnownFileType = file.xib; path = HomeDetailVC.xib; sourceTree = "<group>"; };
		3D70CB4B2AB7A49A0016C0B4 /* PhotoTVC.swift */ = {isa = PBXFileReference; lastKnownFileType = sourcecode.swift; path = PhotoTVC.swift; sourceTree = "<group>"; };
		3D70CB4C2AB7A49A0016C0B4 /* PhotoTVC.xib */ = {isa = PBXFileReference; lastKnownFileType = file.xib; path = PhotoTVC.xib; sourceTree = "<group>"; };
		3D70CB4F2AB898C80016C0B4 /* NameTVC.swift */ = {isa = PBXFileReference; lastKnownFileType = sourcecode.swift; path = NameTVC.swift; sourceTree = "<group>"; };
		3D70CB502AB898C80016C0B4 /* NameTVC.xib */ = {isa = PBXFileReference; lastKnownFileType = file.xib; path = NameTVC.xib; sourceTree = "<group>"; };
		3D70CB532AB8A1510016C0B4 /* RulesTVC.swift */ = {isa = PBXFileReference; lastKnownFileType = sourcecode.swift; path = RulesTVC.swift; sourceTree = "<group>"; };
		3D70CB542AB8A1510016C0B4 /* RulesTVC.xib */ = {isa = PBXFileReference; lastKnownFileType = file.xib; path = RulesTVC.xib; sourceTree = "<group>"; };
		3D70CB582AB8A6AC0016C0B4 /* RulesCVC.swift */ = {isa = PBXFileReference; lastKnownFileType = sourcecode.swift; path = RulesCVC.swift; sourceTree = "<group>"; };
		3D70CB592AB8A6AC0016C0B4 /* RulesCVC.xib */ = {isa = PBXFileReference; lastKnownFileType = file.xib; path = RulesCVC.xib; sourceTree = "<group>"; };
		3D7359572A6DE0C200BA329F /* ijara.app */ = {isa = PBXFileReference; explicitFileType = wrapper.application; includeInIndex = 0; path = ijara.app; sourceTree = BUILT_PRODUCTS_DIR; };
		3D73595A2A6DE0C200BA329F /* AppDelegate.swift */ = {isa = PBXFileReference; lastKnownFileType = sourcecode.swift; path = AppDelegate.swift; sourceTree = "<group>"; };
		3D7359632A6DE0C500BA329F /* Assets.xcassets */ = {isa = PBXFileReference; lastKnownFileType = folder.assetcatalog; path = Assets.xcassets; sourceTree = "<group>"; };
		3D7359662A6DE0C500BA329F /* Base */ = {isa = PBXFileReference; lastKnownFileType = file.storyboard; name = Base; path = Base.lproj/LaunchScreen.storyboard; sourceTree = "<group>"; };
		3D7359682A6DE0C500BA329F /* Info.plist */ = {isa = PBXFileReference; lastKnownFileType = text.plist.xml; path = Info.plist; sourceTree = "<group>"; };
		3D73596E2A6DE14400BA329F /* WelcomePageVC.swift */ = {isa = PBXFileReference; lastKnownFileType = sourcecode.swift; path = WelcomePageVC.swift; sourceTree = "<group>"; };
		3D73596F2A6DE14400BA329F /* WelcomePageVC.xib */ = {isa = PBXFileReference; lastKnownFileType = file.xib; path = WelcomePageVC.xib; sourceTree = "<group>"; };
		3D8A72862AB8CDD90051DE9D /* AdditionalTVC.swift */ = {isa = PBXFileReference; lastKnownFileType = sourcecode.swift; path = AdditionalTVC.swift; sourceTree = "<group>"; };
		3D8A72872AB8CDD90051DE9D /* AdditionalTVC.xib */ = {isa = PBXFileReference; lastKnownFileType = file.xib; path = AdditionalTVC.xib; sourceTree = "<group>"; };
		3D8A728B2AB8E8C50051DE9D /* AditionalChildTVC.swift */ = {isa = PBXFileReference; lastKnownFileType = sourcecode.swift; path = AditionalChildTVC.swift; sourceTree = "<group>"; };
		3D8A728C2AB8E8C50051DE9D /* AditionalChildTVC.xib */ = {isa = PBXFileReference; lastKnownFileType = file.xib; path = AditionalChildTVC.xib; sourceTree = "<group>"; };
		3D8A72902AB8F7E60051DE9D /* InfoTVC.swift */ = {isa = PBXFileReference; lastKnownFileType = sourcecode.swift; path = InfoTVC.swift; sourceTree = "<group>"; };
		3D8A72912AB8F7E60051DE9D /* InfoTVC.xib */ = {isa = PBXFileReference; lastKnownFileType = file.xib; path = InfoTVC.xib; sourceTree = "<group>"; };
		3D8A72942AB902610051DE9D /* CommentTVC.swift */ = {isa = PBXFileReference; lastKnownFileType = sourcecode.swift; path = CommentTVC.swift; sourceTree = "<group>"; };
		3D8A72952AB902610051DE9D /* CommentTVC.xib */ = {isa = PBXFileReference; lastKnownFileType = file.xib; path = CommentTVC.xib; sourceTree = "<group>"; };
		3D9502EC2AB4561C00F0D3A8 /* ProfileVC.swift */ = {isa = PBXFileReference; lastKnownFileType = sourcecode.swift; path = ProfileVC.swift; sourceTree = "<group>"; };
		3D9502ED2AB4561C00F0D3A8 /* ProfileVC.xib */ = {isa = PBXFileReference; lastKnownFileType = file.xib; path = ProfileVC.xib; sourceTree = "<group>"; };
		3DBDDB0C2AA5E7800068E065 /* PhotoCVC.swift */ = {isa = PBXFileReference; lastKnownFileType = sourcecode.swift; path = PhotoCVC.swift; sourceTree = "<group>"; };
		3DBDDB0D2AA5E7800068E065 /* PhotoCVC.xib */ = {isa = PBXFileReference; lastKnownFileType = file.xib; path = PhotoCVC.xib; sourceTree = "<group>"; };
		3DBDDB112AAA2D6A0068E065 /* MapVC.swift */ = {isa = PBXFileReference; lastKnownFileType = sourcecode.swift; path = MapVC.swift; sourceTree = "<group>"; };
		3DBDDB122AAA2D6A0068E065 /* MapVC.xib */ = {isa = PBXFileReference; lastKnownFileType = file.xib; path = MapVC.xib; sourceTree = "<group>"; };
		3DBDDB182AAB689A0068E065 /* MapChildVC.swift */ = {isa = PBXFileReference; lastKnownFileType = sourcecode.swift; path = MapChildVC.swift; sourceTree = "<group>"; };
		3DBDDB192AAB689A0068E065 /* MapChildVC.xib */ = {isa = PBXFileReference; lastKnownFileType = file.xib; path = MapChildVC.xib; sourceTree = "<group>"; };
		3DBDDB1C2AAB97A90068E065 /* HouseByIdDM.swift */ = {isa = PBXFileReference; lastKnownFileType = sourcecode.swift; path = HouseByIdDM.swift; sourceTree = "<group>"; };
		3DBDDB212AAEDB600068E065 /* OpenMapDirections.swift */ = {isa = PBXFileReference; lastKnownFileType = sourcecode.swift; path = OpenMapDirections.swift; sourceTree = "<group>"; };
		3DBDDB252AB0B8490068E065 /* LikedHousesVC.swift */ = {isa = PBXFileReference; lastKnownFileType = sourcecode.swift; path = LikedHousesVC.swift; sourceTree = "<group>"; };
		3DBDDB262AB0B8490068E065 /* LikedHousesVC.xib */ = {isa = PBXFileReference; lastKnownFileType = file.xib; path = LikedHousesVC.xib; sourceTree = "<group>"; };
		3DBDDB2A2AB20CED0068E065 /* LikedCell.swift */ = {isa = PBXFileReference; lastKnownFileType = sourcecode.swift; path = LikedCell.swift; sourceTree = "<group>"; };
		3DBDDB2B2AB20CED0068E065 /* LikedCell.xib */ = {isa = PBXFileReference; lastKnownFileType = file.xib; path = LikedCell.xib; sourceTree = "<group>"; };
		3DBDDB2E2AB220530068E065 /* animation_lmhzc44c.json */ = {isa = PBXFileReference; fileEncoding = 4; lastKnownFileType = text.json; path = animation_lmhzc44c.json; sourceTree = "<group>"; };
		3DBDDB302AB30D5D0068E065 /* SFSymbols.swift */ = {isa = PBXFileReference; lastKnownFileType = sourcecode.swift; path = SFSymbols.swift; sourceTree = "<group>"; };
		3DBDDB372AB386AD0068E065 /* like.json */ = {isa = PBXFileReference; fileEncoding = 4; lastKnownFileType = text.json; path = like.json; sourceTree = "<group>"; };
		3DC9283C2AB46B9D00A56389 /* EditProfileVC.swift */ = {isa = PBXFileReference; lastKnownFileType = sourcecode.swift; path = EditProfileVC.swift; sourceTree = "<group>"; };
		3DC9283D2AB46B9D00A56389 /* EditProfileVC.xib */ = {isa = PBXFileReference; lastKnownFileType = file.xib; path = EditProfileVC.xib; sourceTree = "<group>"; };
		3DC928592AB4BA9700A56389 /* Ex+UINavigationController.swift */ = {isa = PBXFileReference; lastKnownFileType = sourcecode.swift; path = "Ex+UINavigationController.swift"; sourceTree = "<group>"; };
		3F46D81B2304154349E0BAFA /* Pods_ijara.framework */ = {isa = PBXFileReference; explicitFileType = wrapper.framework; includeInIndex = 0; path = Pods_ijara.framework; sourceTree = BUILT_PRODUCTS_DIR; };
		73083FFBB313154B0962A013 /* Pods-ijara.debug.xcconfig */ = {isa = PBXFileReference; includeInIndex = 1; lastKnownFileType = text.xcconfig; name = "Pods-ijara.debug.xcconfig"; path = "Target Support Files/Pods-ijara/Pods-ijara.debug.xcconfig"; sourceTree = "<group>"; };
		81C410BF8F8AD33D4D6775CD /* Pods-ijara.release.xcconfig */ = {isa = PBXFileReference; includeInIndex = 1; lastKnownFileType = text.xcconfig; name = "Pods-ijara.release.xcconfig"; path = "Target Support Files/Pods-ijara/Pods-ijara.release.xcconfig"; sourceTree = "<group>"; };
		DBD74E222AA26B1C003096BB /* CustomTabBar.swift */ = {isa = PBXFileReference; lastKnownFileType = sourcecode.swift; path = CustomTabBar.swift; sourceTree = "<group>"; };
		DBD74E252AA26B8D003096BB /* Ex + UIImage.swift */ = {isa = PBXFileReference; lastKnownFileType = sourcecode.swift; path = "Ex + UIImage.swift"; sourceTree = "<group>"; };
		DBD74E2A2AA26C70003096BB /* HomeVC.swift */ = {isa = PBXFileReference; fileEncoding = 4; lastKnownFileType = sourcecode.swift; path = HomeVC.swift; sourceTree = "<group>"; };
		DBD74E2B2AA26C70003096BB /* HomeVC.xib */ = {isa = PBXFileReference; fileEncoding = 4; lastKnownFileType = file.xib; path = HomeVC.xib; sourceTree = "<group>"; };
		DBD74E2F2AA26C81003096BB /* TopItemCVC.swift */ = {isa = PBXFileReference; fileEncoding = 4; lastKnownFileType = sourcecode.swift; path = TopItemCVC.swift; sourceTree = "<group>"; };
		DBD74E302AA26C81003096BB /* CategoryCVC.xib */ = {isa = PBXFileReference; fileEncoding = 4; lastKnownFileType = file.xib; path = CategoryCVC.xib; sourceTree = "<group>"; };
		DBD74E312AA26C81003096BB /* HomeCVC.xib */ = {isa = PBXFileReference; fileEncoding = 4; lastKnownFileType = file.xib; path = HomeCVC.xib; sourceTree = "<group>"; };
		DBD74E322AA26C81003096BB /* TopItemCVC.xib */ = {isa = PBXFileReference; fileEncoding = 4; lastKnownFileType = file.xib; path = TopItemCVC.xib; sourceTree = "<group>"; };
		DBD74E332AA26C81003096BB /* CategoryCVC.swift */ = {isa = PBXFileReference; fileEncoding = 4; lastKnownFileType = sourcecode.swift; path = CategoryCVC.swift; sourceTree = "<group>"; };
		DBD74E342AA26C81003096BB /* HomeCVC.swift */ = {isa = PBXFileReference; fileEncoding = 4; lastKnownFileType = sourcecode.swift; path = HomeCVC.swift; sourceTree = "<group>"; };
		DBD74E3C2AA26C8F003096BB /* Header.swift */ = {isa = PBXFileReference; fileEncoding = 4; lastKnownFileType = sourcecode.swift; path = Header.swift; sourceTree = "<group>"; };
		DBD74E3D2AA26C8F003096BB /* Header.xib */ = {isa = PBXFileReference; fileEncoding = 4; lastKnownFileType = file.xib; path = Header.xib; sourceTree = "<group>"; };
/* End PBXFileReference section */

/* Begin PBXFrameworksBuildPhase section */
		3D7359542A6DE0C200BA329F /* Frameworks */ = {
			isa = PBXFrameworksBuildPhase;
			buildActionMask = 2147483647;
			files = (
				5350408D2014B7A85C9E7099 /* Pods_ijara.framework in Frameworks */,
			);
			runOnlyForDeploymentPostprocessing = 0;
		};
/* End PBXFrameworksBuildPhase section */

/* Begin PBXGroup section */
		3D70CB4A2AB5FF0F0016C0B4 /* HomeDetails */ = {
			isa = PBXGroup;
			children = (
				3D70CB462AB5FF050016C0B4 /* HomeDetailVC.swift */,
				3D70CB472AB5FF050016C0B4 /* HomeDetailVC.xib */,
			);
			path = HomeDetails;
			sourceTree = "<group>";
		};
		3D70CB572AB8A6700016C0B4 /* RulesTVC */ = {
			isa = PBXGroup;
			children = (
				3D70CB5D2AB8A6CF0016C0B4 /* TVC */,
				3D70CB5C2AB8A6BE0016C0B4 /* CVC */,
			);
			path = RulesTVC;
			sourceTree = "<group>";
		};
		3D70CB5C2AB8A6BE0016C0B4 /* CVC */ = {
			isa = PBXGroup;
			children = (
				3D70CB582AB8A6AC0016C0B4 /* RulesCVC.swift */,
				3D70CB592AB8A6AC0016C0B4 /* RulesCVC.xib */,
			);
			path = CVC;
			sourceTree = "<group>";
		};
		3D70CB5D2AB8A6CF0016C0B4 /* TVC */ = {
			isa = PBXGroup;
			children = (
				3D70CB532AB8A1510016C0B4 /* RulesTVC.swift */,
				3D70CB542AB8A1510016C0B4 /* RulesTVC.xib */,
			);
			path = TVC;
			sourceTree = "<group>";
		};
		3D73594E2A6DE0C200BA329F = {
			isa = PBXGroup;
			children = (
				3D7359592A6DE0C200BA329F /* ijara */,
				3D7359582A6DE0C200BA329F /* Products */,
				67E0003205E2DF9D042C0E5C /* Pods */,
				6E11901A40E579FCA4ED4396 /* Frameworks */,
			);
			sourceTree = "<group>";
		};
		3D7359582A6DE0C200BA329F /* Products */ = {
			isa = PBXGroup;
			children = (
				3D7359572A6DE0C200BA329F /* ijara.app */,
			);
			name = Products;
			sourceTree = "<group>";
		};
		3D7359592A6DE0C200BA329F /* ijara */ = {
			isa = PBXGroup;
			children = (
				3DD6DD212AA1B9320023E392 /* MainWindow */,
				3DD6DD272AA1BC570023E392 /* Helper */,
				3DD6DD252AA1BB300023E392 /* Model */,
				DBD74E212AA26AF1003096BB /* View + Controllers */,
				DBD74E222AA26B1C003096BB /* CustomTabBar.swift */,
				3DD6DD262AA1BB600023E392 /* Resource */,
				3D0D05772A8DA1E900BDAFF3 /* GoogleService-Info.plist */,
				3D7359682A6DE0C500BA329F /* Info.plist */,
			);
			path = ijara;
			sourceTree = "<group>";
		};
		3D8A728A2AB8E83B0051DE9D /* AdditionalTVC */ = {
			isa = PBXGroup;
			children = (
				3D8A72862AB8CDD90051DE9D /* AdditionalTVC.swift */,
				3D8A72872AB8CDD90051DE9D /* AdditionalTVC.xib */,
				3D8A728F2AB8E8CD0051DE9D /* ChildTVC */,
			);
			path = AdditionalTVC;
			sourceTree = "<group>";
		};
		3D8A728F2AB8E8CD0051DE9D /* ChildTVC */ = {
			isa = PBXGroup;
			children = (
				3D8A728B2AB8E8C50051DE9D /* AditionalChildTVC.swift */,
				3D8A728C2AB8E8C50051DE9D /* AditionalChildTVC.xib */,
			);
			path = ChildTVC;
			sourceTree = "<group>";
		};
		3D9502F02AB4562700F0D3A8 /* ProfileVC */ = {
			isa = PBXGroup;
			children = (
				3D9502EC2AB4561C00F0D3A8 /* ProfileVC.swift */,
				3D9502ED2AB4561C00F0D3A8 /* ProfileVC.xib */,
				3DC928402AB46BA600A56389 /* EditProfileVC */,
			);
			path = ProfileVC;
			sourceTree = "<group>";
		};
		3DBDDB102AAA2D340068E065 /* HomeVC */ = {
			isa = PBXGroup;
			children = (
				DBD74E2A2AA26C70003096BB /* HomeVC.swift */,
				DBD74E2B2AA26C70003096BB /* HomeVC.xib */,
			);
			path = HomeVC;
			sourceTree = "<group>";
		};
		3DBDDB152AAA2D850068E065 /* MapVC */ = {
			isa = PBXGroup;
			children = (
				3DBDDB112AAA2D6A0068E065 /* MapVC.swift */,
				3DBDDB122AAA2D6A0068E065 /* MapVC.xib */,
				3DBDDB182AAB689A0068E065 /* MapChildVC.swift */,
				3DBDDB192AAB689A0068E065 /* MapChildVC.xib */,
				3DBDDB212AAEDB600068E065 /* OpenMapDirections.swift */,
			);
			path = MapVC;
			sourceTree = "<group>";
		};
		3DBDDB292AB0B85F0068E065 /* LikedHousesVC */ = {
			isa = PBXGroup;
			children = (
				3DBDDB252AB0B8490068E065 /* LikedHousesVC.swift */,
				3DBDDB262AB0B8490068E065 /* LikedHousesVC.xib */,
			);
			path = LikedHousesVC;
			sourceTree = "<group>";
		};
		3DBDDB322AB30D840068E065 /* Constants */ = {
			isa = PBXGroup;
			children = (
				3DBDDB302AB30D5D0068E065 /* SFSymbols.swift */,
				3D0D05692A8A172C00BDAFF3 /* Keys.swift */,
			);
			path = Constants;
			sourceTree = "<group>";
		};
		3DC928402AB46BA600A56389 /* EditProfileVC */ = {
			isa = PBXGroup;
			children = (
				3DC9283C2AB46B9D00A56389 /* EditProfileVC.swift */,
				3DC9283D2AB46B9D00A56389 /* EditProfileVC.xib */,
			);
			path = EditProfileVC;
			sourceTree = "<group>";
		};
		3DD6DD212AA1B9320023E392 /* MainWindow */ = {
			isa = PBXGroup;
			children = (
				3D73595A2A6DE0C200BA329F /* AppDelegate.swift */,
			);
			path = MainWindow;
			sourceTree = "<group>";
		};
		3DD6DD222AA1B9E40023E392 /* Network */ = {
			isa = PBXGroup;
			children = (
				3D0D056B2A8A1B4500BDAFF3 /* SetLanguage.swift */,
				3D0D05872A961B4300BDAFF3 /* API.swift */,
				3D0D05812A92947C00BDAFF3 /* Net.swift */,
				3D0D055F2A8A0A4800BDAFF3 /* Alert.swift */,
				3D0D05832A92975900BDAFF3 /* EndPoints.swift */,
				3D0D057F2A8F35E000BDAFF3 /* Reachability.swift */,
				3D0D057B2A8F338D00BDAFF3 /* Loader.swift */,
			);
			path = Network;
			sourceTree = "<group>";
		};
		3DD6DD232AA1BA360023E392 /* Extentions */ = {
			isa = PBXGroup;
			children = (
				3D0D05792A8DC7A500BDAFF3 /* AuthManager.swift */,
				3D0D056D2A8B752700BDAFF3 /* Extentions.swift */,
				3D0D055D2A8A094800BDAFF3 /* Ex+UIVC.swift */,
				3D0D05612A8A116800BDAFF3 /* Ex+UIView.swift */,
				DBD74E252AA26B8D003096BB /* Ex + UIImage.swift */,
				3DC928592AB4BA9700A56389 /* Ex+UINavigationController.swift */,
			);
			path = Extentions;
			sourceTree = "<group>";
		};
		3DD6DD242AA1BA990023E392 /* Additional */ = {
			isa = PBXGroup;
			children = (
				3D0D05632A8A118D00BDAFF3 /* AppColors.swift */,
				3D0D05732A8BA85900BDAFF3 /* OTPFieldView.swift */,
				3D0D05752A8BA92F00BDAFF3 /* OTPTextField.swift */,
			);
			path = Additional;
			sourceTree = "<group>";
		};
		3DD6DD252AA1BB300023E392 /* Model */ = {
			isa = PBXGroup;
			children = (
				3D0D05852A929DC200BDAFF3 /* HouseDM.swift */,
				3DBDDB1C2AAB97A90068E065 /* HouseByIdDM.swift */,
			);
			path = Model;
			sourceTree = "<group>";
		};
		3DD6DD262AA1BB600023E392 /* Resource */ = {
			isa = PBXGroup;
			children = (
				3DBDDB372AB386AD0068E065 /* like.json */,
				3D0D057D2A8F357F00BDAFF3 /* KKfo9cQRyU.json */,
				3DBDDB2E2AB220530068E065 /* animation_lmhzc44c.json */,
				3D7359632A6DE0C500BA329F /* Assets.xcassets */,
				3D7359652A6DE0C500BA329F /* LaunchScreen.storyboard */,
			);
			path = Resource;
			sourceTree = "<group>";
		};
		3DD6DD272AA1BC570023E392 /* Helper */ = {
			isa = PBXGroup;
			children = (
				3DBDDB322AB30D840068E065 /* Constants */,
				3DD6DD222AA1B9E40023E392 /* Network */,
				3DD6DD232AA1BA360023E392 /* Extentions */,
				3DD6DD242AA1BA990023E392 /* Additional */,
			);
			path = Helper;
			sourceTree = "<group>";
		};
		3DD6DD282AA1BC9A0023E392 /* LoginVC */ = {
			isa = PBXGroup;
			children = (
				3D0D05662A8A162B00BDAFF3 /* SingInLangVC.swift */,
				3D0D05652A8A162B00BDAFF3 /* SingInLangVC.xib */,
				3D73596E2A6DE14400BA329F /* WelcomePageVC.swift */,
				3D73596F2A6DE14400BA329F /* WelcomePageVC.xib */,
				3D0D05592A8A068600BDAFF3 /* RegisterChildVC.swift */,
				3D0D055A2A8A068600BDAFF3 /* RegisterChildVC.xib */,
				3D0D056F2A8B7A1B00BDAFF3 /* VerificationChildVC.swift */,
				3D0D05702A8B7A1B00BDAFF3 /* VerificationChildVC.xib */,
			);
			path = LoginVC;
			sourceTree = "<group>";
		};
		67E0003205E2DF9D042C0E5C /* Pods */ = {
			isa = PBXGroup;
			children = (
				73083FFBB313154B0962A013 /* Pods-ijara.debug.xcconfig */,
				81C410BF8F8AD33D4D6775CD /* Pods-ijara.release.xcconfig */,
			);
			path = Pods;
			sourceTree = "<group>";
		};
		6E11901A40E579FCA4ED4396 /* Frameworks */ = {
			isa = PBXGroup;
			children = (
				3F46D81B2304154349E0BAFA /* Pods_ijara.framework */,
			);
			name = Frameworks;
			sourceTree = "<group>";
		};
		DBD74E212AA26AF1003096BB /* View + Controllers */ = {
			isa = PBXGroup;
			children = (
				3DD6DD282AA1BC9A0023E392 /* LoginVC */,
				DBD74E292AA26C64003096BB /* Home */,
				3D70CB4A2AB5FF0F0016C0B4 /* HomeDetails */,
			);
			path = "View + Controllers";
			sourceTree = "<group>";
		};
		DBD74E292AA26C64003096BB /* Home */ = {
			isa = PBXGroup;
			children = (
				DBD74E3B2AA26C84003096BB /* Header */,
				DBD74E2E2AA26C79003096BB /* Cells */,
				3DBDDB102AAA2D340068E065 /* HomeVC */,
				3DBDDB152AAA2D850068E065 /* MapVC */,
				3DBDDB292AB0B85F0068E065 /* LikedHousesVC */,
				3D9502F02AB4562700F0D3A8 /* ProfileVC */,
			);
			path = Home;
			sourceTree = "<group>";
		};
		DBD74E2E2AA26C79003096BB /* Cells */ = {
			isa = PBXGroup;
			children = (
				DBD74E332AA26C81003096BB /* CategoryCVC.swift */,
				DBD74E302AA26C81003096BB /* CategoryCVC.xib */,
				DBD74E342AA26C81003096BB /* HomeCVC.swift */,
				DBD74E312AA26C81003096BB /* HomeCVC.xib */,
				DBD74E2F2AA26C81003096BB /* TopItemCVC.swift */,
				DBD74E322AA26C81003096BB /* TopItemCVC.xib */,
				3DBDDB0C2AA5E7800068E065 /* PhotoCVC.swift */,
				3DBDDB0D2AA5E7800068E065 /* PhotoCVC.xib */,
				3DBDDB2A2AB20CED0068E065 /* LikedCell.swift */,
				3DBDDB2B2AB20CED0068E065 /* LikedCell.xib */,
				3D70CB4B2AB7A49A0016C0B4 /* PhotoTVC.swift */,
				3D70CB4C2AB7A49A0016C0B4 /* PhotoTVC.xib */,
				3D70CB4F2AB898C80016C0B4 /* NameTVC.swift */,
				3D70CB502AB898C80016C0B4 /* NameTVC.xib */,
				3D8A72902AB8F7E60051DE9D /* InfoTVC.swift */,
				3D8A72912AB8F7E60051DE9D /* InfoTVC.xib */,
				3D8A72942AB902610051DE9D /* CommentTVC.swift */,
				3D8A72952AB902610051DE9D /* CommentTVC.xib */,
				3D70CB572AB8A6700016C0B4 /* RulesTVC */,
				3D8A728A2AB8E83B0051DE9D /* AdditionalTVC */,
			);
			path = Cells;
			sourceTree = "<group>";
		};
		DBD74E3B2AA26C84003096BB /* Header */ = {
			isa = PBXGroup;
			children = (
				DBD74E3C2AA26C8F003096BB /* Header.swift */,
				DBD74E3D2AA26C8F003096BB /* Header.xib */,
			);
			path = Header;
			sourceTree = "<group>";
		};
/* End PBXGroup section */

/* Begin PBXNativeTarget section */
		3D7359562A6DE0C200BA329F /* ijara */ = {
			isa = PBXNativeTarget;
			buildConfigurationList = 3D73596B2A6DE0C500BA329F /* Build configuration list for PBXNativeTarget "ijara" */;
			buildPhases = (
				2A08A3D926449B0B9E8F5A44 /* [CP] Check Pods Manifest.lock */,
				3D7359532A6DE0C200BA329F /* Sources */,
				3D7359542A6DE0C200BA329F /* Frameworks */,
				3D7359552A6DE0C200BA329F /* Resources */,
				5B16446033F7D5ED7931F6CC /* [CP] Embed Pods Frameworks */,
			);
			buildRules = (
			);
			dependencies = (
			);
			name = ijara;
			productName = ijara;
			productReference = 3D7359572A6DE0C200BA329F /* ijara.app */;
			productType = "com.apple.product-type.application";
		};
/* End PBXNativeTarget section */

/* Begin PBXProject section */
		3D73594F2A6DE0C200BA329F /* Project object */ = {
			isa = PBXProject;
			attributes = {
				BuildIndependentTargetsInParallel = 1;
				LastSwiftUpdateCheck = 1430;
				LastUpgradeCheck = 1430;
				TargetAttributes = {
					3D7359562A6DE0C200BA329F = {
						CreatedOnToolsVersion = 14.3.1;
					};
				};
			};
			buildConfigurationList = 3D7359522A6DE0C200BA329F /* Build configuration list for PBXProject "ijara" */;
			compatibilityVersion = "Xcode 14.0";
			developmentRegion = en;
			hasScannedForEncodings = 0;
			knownRegions = (
				en,
				Base,
			);
			mainGroup = 3D73594E2A6DE0C200BA329F;
			productRefGroup = 3D7359582A6DE0C200BA329F /* Products */;
			projectDirPath = "";
			projectRoot = "";
			targets = (
				3D7359562A6DE0C200BA329F /* ijara */,
			);
		};
/* End PBXProject section */

/* Begin PBXResourcesBuildPhase section */
		3D7359552A6DE0C200BA329F /* Resources */ = {
			isa = PBXResourcesBuildPhase;
			buildActionMask = 2147483647;
			files = (
				3D7359712A6DE14400BA329F /* WelcomePageVC.xib in Resources */,
				3D7359672A6DE0C500BA329F /* LaunchScreen.storyboard in Resources */,
				3DBDDB282AB0B8490068E065 /* LikedHousesVC.xib in Resources */,
				DBD74E3F2AA26C8F003096BB /* Header.xib in Resources */,
				3D9502EF2AB4561C00F0D3A8 /* ProfileVC.xib in Resources */,
				3D0D05722A8B7A1B00BDAFF3 /* VerificationChildVC.xib in Resources */,
				3D0D055C2A8A068600BDAFF3 /* RegisterChildVC.xib in Resources */,
				DBD74E2D2AA26C70003096BB /* HomeVC.xib in Resources */,
				DBD74E382AA26C81003096BB /* TopItemCVC.xib in Resources */,
				3D70CB522AB898C80016C0B4 /* NameTVC.xib in Resources */,
				3D7359642A6DE0C500BA329F /* Assets.xcassets in Resources */,
				3D8A72932AB8F7E60051DE9D /* InfoTVC.xib in Resources */,
				3DBDDB2D2AB20CED0068E065 /* LikedCell.xib in Resources */,
				3D8A72892AB8CDD90051DE9D /* AdditionalTVC.xib in Resources */,
				3D70CB5B2AB8A6AC0016C0B4 /* RulesCVC.xib in Resources */,
				DBD74E362AA26C81003096BB /* CategoryCVC.xib in Resources */,
				3D0D05672A8A162B00BDAFF3 /* SingInLangVC.xib in Resources */,
				3DBDDB2F2AB220540068E065 /* animation_lmhzc44c.json in Resources */,
				3DBDDB382AB386AD0068E065 /* like.json in Resources */,
				3DBDDB1B2AAB689A0068E065 /* MapChildVC.xib in Resources */,
				3DC9283F2AB46B9D00A56389 /* EditProfileVC.xib in Resources */,
				3D70CB492AB5FF050016C0B4 /* HomeDetailVC.xib in Resources */,
				DBD74E372AA26C81003096BB /* HomeCVC.xib in Resources */,
				3D0D05782A8DA1E900BDAFF3 /* GoogleService-Info.plist in Resources */,
				3D70CB4E2AB7A49A0016C0B4 /* PhotoTVC.xib in Resources */,
				3D0D057E2A8F357F00BDAFF3 /* KKfo9cQRyU.json in Resources */,
				3D8A728E2AB8E8C50051DE9D /* AditionalChildTVC.xib in Resources */,
				3D8A72972AB902610051DE9D /* CommentTVC.xib in Resources */,
				3D70CB562AB8A1510016C0B4 /* RulesTVC.xib in Resources */,
				3DBDDB142AAA2D6A0068E065 /* MapVC.xib in Resources */,
				3DBDDB0F2AA5E7800068E065 /* PhotoCVC.xib in Resources */,
			);
			runOnlyForDeploymentPostprocessing = 0;
		};
/* End PBXResourcesBuildPhase section */

/* Begin PBXShellScriptBuildPhase section */
		2A08A3D926449B0B9E8F5A44 /* [CP] Check Pods Manifest.lock */ = {
			isa = PBXShellScriptBuildPhase;
			buildActionMask = 2147483647;
			files = (
			);
			inputFileListPaths = (
			);
			inputPaths = (
				"${PODS_PODFILE_DIR_PATH}/Podfile.lock",
				"${PODS_ROOT}/Manifest.lock",
			);
			name = "[CP] Check Pods Manifest.lock";
			outputFileListPaths = (
			);
			outputPaths = (
				"$(DERIVED_FILE_DIR)/Pods-ijara-checkManifestLockResult.txt",
			);
			runOnlyForDeploymentPostprocessing = 0;
			shellPath = /bin/sh;
			shellScript = "diff \"${PODS_PODFILE_DIR_PATH}/Podfile.lock\" \"${PODS_ROOT}/Manifest.lock\" > /dev/null\nif [ $? != 0 ] ; then\n    # print error to STDERR\n    echo \"error: The sandbox is not in sync with the Podfile.lock. Run 'pod install' or update your CocoaPods installation.\" >&2\n    exit 1\nfi\n# This output is used by Xcode 'outputs' to avoid re-running this script phase.\necho \"SUCCESS\" > \"${SCRIPT_OUTPUT_FILE_0}\"\n";
			showEnvVarsInLog = 0;
		};
		5B16446033F7D5ED7931F6CC /* [CP] Embed Pods Frameworks */ = {
			isa = PBXShellScriptBuildPhase;
			buildActionMask = 2147483647;
			files = (
			);
			inputFileListPaths = (
				"${PODS_ROOT}/Target Support Files/Pods-ijara/Pods-ijara-frameworks-${CONFIGURATION}-input-files.xcfilelist",
			);
			name = "[CP] Embed Pods Frameworks";
			outputFileListPaths = (
				"${PODS_ROOT}/Target Support Files/Pods-ijara/Pods-ijara-frameworks-${CONFIGURATION}-output-files.xcfilelist",
			);
			runOnlyForDeploymentPostprocessing = 0;
			shellPath = /bin/sh;
			shellScript = "\"${PODS_ROOT}/Target Support Files/Pods-ijara/Pods-ijara-frameworks.sh\"\n";
			showEnvVarsInLog = 0;
		};
/* End PBXShellScriptBuildPhase section */

/* Begin PBXSourcesBuildPhase section */
		3D7359532A6DE0C200BA329F /* Sources */ = {
			isa = PBXSourcesBuildPhase;
			buildActionMask = 2147483647;
			files = (
				3D8A728D2AB8E8C50051DE9D /* AditionalChildTVC.swift in Sources */,
				DBD74E352AA26C81003096BB /* TopItemCVC.swift in Sources */,
				3D0D05682A8A162B00BDAFF3 /* SingInLangVC.swift in Sources */,
				3D9502EE2AB4561C00F0D3A8 /* ProfileVC.swift in Sources */,
				3D0D05762A8BA92F00BDAFF3 /* OTPTextField.swift in Sources */,
				DBD74E3A2AA26C81003096BB /* HomeCVC.swift in Sources */,
				3D0D05602A8A0A4800BDAFF3 /* Alert.swift in Sources */,
				3DBDDB312AB30D5E0068E065 /* SFSymbols.swift in Sources */,
				DBD74E392AA26C81003096BB /* CategoryCVC.swift in Sources */,
				3DBDDB1A2AAB689A0068E065 /* MapChildVC.swift in Sources */,
				3D0D05622A8A116800BDAFF3 /* Ex+UIView.swift in Sources */,
				3D70CB482AB5FF050016C0B4 /* HomeDetailVC.swift in Sources */,
				3D0D057A2A8DC7A500BDAFF3 /* AuthManager.swift in Sources */,
				DBD74E232AA26B1C003096BB /* CustomTabBar.swift in Sources */,
				3D0D05862A929DC200BDAFF3 /* HouseDM.swift in Sources */,
				3D7359702A6DE14400BA329F /* WelcomePageVC.swift in Sources */,
				3D0D05802A8F35E000BDAFF3 /* Reachability.swift in Sources */,
				3D70CB512AB898C80016C0B4 /* NameTVC.swift in Sources */,
				DBD74E2C2AA26C70003096BB /* HomeVC.swift in Sources */,
				3D8A72882AB8CDD90051DE9D /* AdditionalTVC.swift in Sources */,
				3D70CB4D2AB7A49A0016C0B4 /* PhotoTVC.swift in Sources */,
				3D0D05822A92947C00BDAFF3 /* Net.swift in Sources */,
				3D0D05842A92975900BDAFF3 /* EndPoints.swift in Sources */,
				3DC9283E2AB46B9D00A56389 /* EditProfileVC.swift in Sources */,
				3D0D055B2A8A068600BDAFF3 /* RegisterChildVC.swift in Sources */,
				3DBDDB2C2AB20CED0068E065 /* LikedCell.swift in Sources */,
				3D0D05642A8A118D00BDAFF3 /* AppColors.swift in Sources */,
				3D8A72962AB902610051DE9D /* CommentTVC.swift in Sources */,
				DBD74E262AA26B8D003096BB /* Ex + UIImage.swift in Sources */,
				3D0D05742A8BA85900BDAFF3 /* OTPFieldView.swift in Sources */,
				3D0D05882A961B4300BDAFF3 /* API.swift in Sources */,
				3D70CB5A2AB8A6AC0016C0B4 /* RulesCVC.swift in Sources */,
				3D73595B2A6DE0C200BA329F /* AppDelegate.swift in Sources */,
				3DBDDB1D2AAB97A90068E065 /* HouseByIdDM.swift in Sources */,
				3D0D056A2A8A172C00BDAFF3 /* Keys.swift in Sources */,
				3D0D05712A8B7A1B00BDAFF3 /* VerificationChildVC.swift in Sources */,
				3DBDDB272AB0B8490068E065 /* LikedHousesVC.swift in Sources */,
				3D0D056C2A8A1B4500BDAFF3 /* SetLanguage.swift in Sources */,
				DBD74E3E2AA26C8F003096BB /* Header.swift in Sources */,
				3DBDDB132AAA2D6A0068E065 /* MapVC.swift in Sources */,
				3DBDDB0E2AA5E7800068E065 /* PhotoCVC.swift in Sources */,
				3D8A72922AB8F7E60051DE9D /* InfoTVC.swift in Sources */,
				3D0D056E2A8B752700BDAFF3 /* Extentions.swift in Sources */,
				3DBDDB222AAEDB600068E065 /* OpenMapDirections.swift in Sources */,
				3DC9285A2AB4BA9700A56389 /* Ex+UINavigationController.swift in Sources */,
				3D0D057C2A8F338D00BDAFF3 /* Loader.swift in Sources */,
				3D70CB552AB8A1510016C0B4 /* RulesTVC.swift in Sources */,
				3D0D055E2A8A094800BDAFF3 /* Ex+UIVC.swift in Sources */,
			);
			runOnlyForDeploymentPostprocessing = 0;
		};
/* End PBXSourcesBuildPhase section */

/* Begin PBXVariantGroup section */
		3D7359652A6DE0C500BA329F /* LaunchScreen.storyboard */ = {
			isa = PBXVariantGroup;
			children = (
				3D7359662A6DE0C500BA329F /* Base */,
			);
			name = LaunchScreen.storyboard;
			sourceTree = "<group>";
		};
/* End PBXVariantGroup section */

/* Begin XCBuildConfiguration section */
		3D7359692A6DE0C500BA329F /* Debug */ = {
			isa = XCBuildConfiguration;
			buildSettings = {
				ALWAYS_SEARCH_USER_PATHS = NO;
				CLANG_ANALYZER_NONNULL = YES;
				CLANG_ANALYZER_NUMBER_OBJECT_CONVERSION = YES_AGGRESSIVE;
				CLANG_CXX_LANGUAGE_STANDARD = "gnu++20";
				CLANG_ENABLE_MODULES = YES;
				CLANG_ENABLE_OBJC_ARC = YES;
				CLANG_ENABLE_OBJC_WEAK = YES;
				CLANG_WARN_BLOCK_CAPTURE_AUTORELEASING = YES;
				CLANG_WARN_BOOL_CONVERSION = YES;
				CLANG_WARN_COMMA = YES;
				CLANG_WARN_CONSTANT_CONVERSION = YES;
				CLANG_WARN_DEPRECATED_OBJC_IMPLEMENTATIONS = YES;
				CLANG_WARN_DIRECT_OBJC_ISA_USAGE = YES_ERROR;
				CLANG_WARN_DOCUMENTATION_COMMENTS = YES;
				CLANG_WARN_EMPTY_BODY = YES;
				CLANG_WARN_ENUM_CONVERSION = YES;
				CLANG_WARN_INFINITE_RECURSION = YES;
				CLANG_WARN_INT_CONVERSION = YES;
				CLANG_WARN_NON_LITERAL_NULL_CONVERSION = YES;
				CLANG_WARN_OBJC_IMPLICIT_RETAIN_SELF = YES;
				CLANG_WARN_OBJC_LITERAL_CONVERSION = YES;
				CLANG_WARN_OBJC_ROOT_CLASS = YES_ERROR;
				CLANG_WARN_QUOTED_INCLUDE_IN_FRAMEWORK_HEADER = YES;
				CLANG_WARN_RANGE_LOOP_ANALYSIS = YES;
				CLANG_WARN_STRICT_PROTOTYPES = YES;
				CLANG_WARN_SUSPICIOUS_MOVE = YES;
				CLANG_WARN_UNGUARDED_AVAILABILITY = YES_AGGRESSIVE;
				CLANG_WARN_UNREACHABLE_CODE = YES;
				CLANG_WARN__DUPLICATE_METHOD_MATCH = YES;
				COPY_PHASE_STRIP = NO;
				DEBUG_INFORMATION_FORMAT = dwarf;
				ENABLE_STRICT_OBJC_MSGSEND = YES;
				ENABLE_TESTABILITY = YES;
				GCC_C_LANGUAGE_STANDARD = gnu11;
				GCC_DYNAMIC_NO_PIC = NO;
				GCC_NO_COMMON_BLOCKS = YES;
				GCC_OPTIMIZATION_LEVEL = 0;
				GCC_PREPROCESSOR_DEFINITIONS = (
					"DEBUG=1",
					"$(inherited)",
				);
				GCC_WARN_64_TO_32_BIT_CONVERSION = YES;
				GCC_WARN_ABOUT_RETURN_TYPE = YES_ERROR;
				GCC_WARN_UNDECLARED_SELECTOR = YES;
				GCC_WARN_UNINITIALIZED_AUTOS = YES_AGGRESSIVE;
				GCC_WARN_UNUSED_FUNCTION = YES;
				GCC_WARN_UNUSED_VARIABLE = YES;
				IPHONEOS_DEPLOYMENT_TARGET = 16.4;
				MTL_ENABLE_DEBUG_INFO = INCLUDE_SOURCE;
				MTL_FAST_MATH = YES;
				ONLY_ACTIVE_ARCH = YES;
				SDKROOT = iphoneos;
				SWIFT_ACTIVE_COMPILATION_CONDITIONS = DEBUG;
				SWIFT_OPTIMIZATION_LEVEL = "-Onone";
			};
			name = Debug;
		};
		3D73596A2A6DE0C500BA329F /* Release */ = {
			isa = XCBuildConfiguration;
			buildSettings = {
				ALWAYS_SEARCH_USER_PATHS = NO;
				CLANG_ANALYZER_NONNULL = YES;
				CLANG_ANALYZER_NUMBER_OBJECT_CONVERSION = YES_AGGRESSIVE;
				CLANG_CXX_LANGUAGE_STANDARD = "gnu++20";
				CLANG_ENABLE_MODULES = YES;
				CLANG_ENABLE_OBJC_ARC = YES;
				CLANG_ENABLE_OBJC_WEAK = YES;
				CLANG_WARN_BLOCK_CAPTURE_AUTORELEASING = YES;
				CLANG_WARN_BOOL_CONVERSION = YES;
				CLANG_WARN_COMMA = YES;
				CLANG_WARN_CONSTANT_CONVERSION = YES;
				CLANG_WARN_DEPRECATED_OBJC_IMPLEMENTATIONS = YES;
				CLANG_WARN_DIRECT_OBJC_ISA_USAGE = YES_ERROR;
				CLANG_WARN_DOCUMENTATION_COMMENTS = YES;
				CLANG_WARN_EMPTY_BODY = YES;
				CLANG_WARN_ENUM_CONVERSION = YES;
				CLANG_WARN_INFINITE_RECURSION = YES;
				CLANG_WARN_INT_CONVERSION = YES;
				CLANG_WARN_NON_LITERAL_NULL_CONVERSION = YES;
				CLANG_WARN_OBJC_IMPLICIT_RETAIN_SELF = YES;
				CLANG_WARN_OBJC_LITERAL_CONVERSION = YES;
				CLANG_WARN_OBJC_ROOT_CLASS = YES_ERROR;
				CLANG_WARN_QUOTED_INCLUDE_IN_FRAMEWORK_HEADER = YES;
				CLANG_WARN_RANGE_LOOP_ANALYSIS = YES;
				CLANG_WARN_STRICT_PROTOTYPES = YES;
				CLANG_WARN_SUSPICIOUS_MOVE = YES;
				CLANG_WARN_UNGUARDED_AVAILABILITY = YES_AGGRESSIVE;
				CLANG_WARN_UNREACHABLE_CODE = YES;
				CLANG_WARN__DUPLICATE_METHOD_MATCH = YES;
				COPY_PHASE_STRIP = NO;
				DEBUG_INFORMATION_FORMAT = "dwarf-with-dsym";
				ENABLE_NS_ASSERTIONS = NO;
				ENABLE_STRICT_OBJC_MSGSEND = YES;
				GCC_C_LANGUAGE_STANDARD = gnu11;
				GCC_NO_COMMON_BLOCKS = YES;
				GCC_WARN_64_TO_32_BIT_CONVERSION = YES;
				GCC_WARN_ABOUT_RETURN_TYPE = YES_ERROR;
				GCC_WARN_UNDECLARED_SELECTOR = YES;
				GCC_WARN_UNINITIALIZED_AUTOS = YES_AGGRESSIVE;
				GCC_WARN_UNUSED_FUNCTION = YES;
				GCC_WARN_UNUSED_VARIABLE = YES;
				IPHONEOS_DEPLOYMENT_TARGET = 16.4;
				MTL_ENABLE_DEBUG_INFO = NO;
				MTL_FAST_MATH = YES;
				SDKROOT = iphoneos;
				SWIFT_COMPILATION_MODE = wholemodule;
				SWIFT_OPTIMIZATION_LEVEL = "-O";
				VALIDATE_PRODUCT = YES;
			};
			name = Release;
		};
		3D73596C2A6DE0C500BA329F /* Debug */ = {
			isa = XCBuildConfiguration;
			baseConfigurationReference = 73083FFBB313154B0962A013 /* Pods-ijara.debug.xcconfig */;
			buildSettings = {
				ASSETCATALOG_COMPILER_APPICON_NAME = AppIcon;
				ASSETCATALOG_COMPILER_GLOBAL_ACCENT_COLOR_NAME = AccentColor;
				CODE_SIGN_STYLE = Automatic;
				CURRENT_PROJECT_VERSION = 1;
				DEVELOPMENT_TEAM = 7W6F238426;
				GENERATE_INFOPLIST_FILE = YES;
				INFOPLIST_FILE = ijara/Info.plist;
				INFOPLIST_KEY_UIApplicationSupportsIndirectInputEvents = YES;
				INFOPLIST_KEY_UILaunchStoryboardName = LaunchScreen;
				INFOPLIST_KEY_UIMainStoryboardFile = "";
				INFOPLIST_KEY_UISupportedInterfaceOrientations_iPad = "UIInterfaceOrientationPortrait UIInterfaceOrientationPortraitUpsideDown UIInterfaceOrientationLandscapeLeft UIInterfaceOrientationLandscapeRight";
				INFOPLIST_KEY_UISupportedInterfaceOrientations_iPhone = "UIInterfaceOrientationPortrait UIInterfaceOrientationLandscapeLeft UIInterfaceOrientationLandscapeRight";
				LD_RUNPATH_SEARCH_PATHS = (
					"$(inherited)",
					"@executable_path/Frameworks",
				);
				MARKETING_VERSION = 1.0;
				PRODUCT_BUNDLE_IDENTIFIER = myCompany.ijara;
				PRODUCT_NAME = "$(TARGET_NAME)";
				SWIFT_EMIT_LOC_STRINGS = YES;
				SWIFT_VERSION = 5.0;
				TARGETED_DEVICE_FAMILY = "1,2";
			};
			name = Debug;
		};
		3D73596D2A6DE0C500BA329F /* Release */ = {
			isa = XCBuildConfiguration;
			baseConfigurationReference = 81C410BF8F8AD33D4D6775CD /* Pods-ijara.release.xcconfig */;
			buildSettings = {
				ASSETCATALOG_COMPILER_APPICON_NAME = AppIcon;
				ASSETCATALOG_COMPILER_GLOBAL_ACCENT_COLOR_NAME = AccentColor;
				CODE_SIGN_STYLE = Automatic;
				CURRENT_PROJECT_VERSION = 1;
				DEVELOPMENT_TEAM = 7W6F238426;
				GENERATE_INFOPLIST_FILE = YES;
				INFOPLIST_FILE = ijara/Info.plist;
				INFOPLIST_KEY_UIApplicationSupportsIndirectInputEvents = YES;
				INFOPLIST_KEY_UILaunchStoryboardName = LaunchScreen;
				INFOPLIST_KEY_UIMainStoryboardFile = "";
				INFOPLIST_KEY_UISupportedInterfaceOrientations_iPad = "UIInterfaceOrientationPortrait UIInterfaceOrientationPortraitUpsideDown UIInterfaceOrientationLandscapeLeft UIInterfaceOrientationLandscapeRight";
				INFOPLIST_KEY_UISupportedInterfaceOrientations_iPhone = "UIInterfaceOrientationPortrait UIInterfaceOrientationLandscapeLeft UIInterfaceOrientationLandscapeRight";
				LD_RUNPATH_SEARCH_PATHS = (
					"$(inherited)",
					"@executable_path/Frameworks",
				);
				MARKETING_VERSION = 1.0;
				PRODUCT_BUNDLE_IDENTIFIER = myCompany.ijara;
				PRODUCT_NAME = "$(TARGET_NAME)";
				SWIFT_EMIT_LOC_STRINGS = YES;
				SWIFT_VERSION = 5.0;
				TARGETED_DEVICE_FAMILY = "1,2";
			};
			name = Release;
		};
/* End XCBuildConfiguration section */

/* Begin XCConfigurationList section */
		3D7359522A6DE0C200BA329F /* Build configuration list for PBXProject "ijara" */ = {
			isa = XCConfigurationList;
			buildConfigurations = (
				3D7359692A6DE0C500BA329F /* Debug */,
				3D73596A2A6DE0C500BA329F /* Release */,
			);
			defaultConfigurationIsVisible = 0;
			defaultConfigurationName = Release;
		};
		3D73596B2A6DE0C500BA329F /* Build configuration list for PBXNativeTarget "ijara" */ = {
			isa = XCConfigurationList;
			buildConfigurations = (
				3D73596C2A6DE0C500BA329F /* Debug */,
				3D73596D2A6DE0C500BA329F /* Release */,
			);
			defaultConfigurationIsVisible = 0;
			defaultConfigurationName = Release;
		};
/* End XCConfigurationList section */
	};
	rootObject = 3D73594F2A6DE0C200BA329F /* Project object */;
}
